
Microsoft Visual Studio Solution File, Format Version 12.00
# Visual Studio Version 17
VisualStudioVersion = 17.2.32630.192
MinimumVisualStudioVersion = 10.0.40219.1
Project("{9A19103F-16F7-4668-BE54-9A1E7A4F7556}") = "F10Y.T0010.Construction", "F10Y.T0010.Construction\F10Y.T0010.Construction.csproj", "{21B9E998-A8A6-4824-A7C6-6E4D987AFF88}"
EndProject
Project("{9A19103F-16F7-4668-BE54-9A1E7A4F7556}") = "F10Y.T0010", "F10Y.T0010\F10Y.T0010.csproj", "{4C48E88A-8981-48B2-AD86-A623081E44C6}"
EndProject
Global
	GlobalSection(SolutionConfigurationPlatforms) = preSolution
		Debug|Any CPU = Debug|Any CPU
		Release|Any CPU = Release|Any CPU
	EndGlobalSection
	GlobalSection(ProjectConfigurationPlatforms) = postSolution
		{21B9E998-A8A6-4824-A7C6-6E4D987AFF88}.Debug|Any CPU.ActiveCfg = Debug|Any CPU
		{21B9E998-A8A6-4824-A7C6-6E4D987AFF88}.Debug|Any CPU.Build.0 = Debug|Any CPU
		{21B9E998-A8A6-4824-A7C6-6E4D987AFF88}.Release|Any CPU.ActiveCfg = Release|Any CPU
		{21B9E998-A8A6-4824-A7C6-6E4D987AFF88}.Release|Any CPU.Build.0 = Release|Any CPU
		{4C48E88A-8981-48B2-AD86-A623081E44C6}.Debug|Any CPU.ActiveCfg = Debug|Any CPU
		{4C48E88A-8981-48B2-AD86-A623081E44C6}.Debug|Any CPU.Build.0 = Debug|Any CPU
		{4C48E88A-8981-48B2-AD86-A623081E44C6}.Release|Any CPU.ActiveCfg = Release|Any CPU
		{4C48E88A-8981-48B2-AD86-A623081E44C6}.Release|Any CPU.Build.0 = Release|Any CPU
	EndGlobalSection
	GlobalSection(SolutionProperties) = preSolution
		HideSolutionNode = FALSE
	EndGlobalSection
	GlobalSection(ExtensibilityGlobals) = postSolution
		SolutionGuid = {3AE23D45-90F8-4326-8F89-1F306783681E}
	EndGlobalSection
EndGlobal
